{
  "name": "SitePhoto",
  "lockfileVersion": 3,
  "requires": true,
  "packages": {
    "": {
      "dependencies": {
        "@splidejs/splide": "^4.1.4",
        "fslightbox": "^3.4.2",
        "swiper": "^11.2.3",
        "three": "^0.173.0"
      }
    },
    "node_modules/@splidejs/splide": {
      "version": "4.1.4",
      "resolved": "https://registry.npmjs.org/@splidejs/splide/-/splide-4.1.4.tgz",
      "integrity": "sha512-5I30evTJcAJQXt6vJ26g2xEkG+l1nXcpEw4xpKh0/FWQ8ozmAeTbtniVtVmz2sH1Es3vgfC4SS8B2X4o5JMptA=="
    },
    "node_modules/fslightbox": {
      "version": "3.4.2",
      "resolved": "https://registry.npmjs.org/fslightbox/-/fslightbox-3.4.2.tgz",
      "integrity": "sha512-vrPUNgFBioRPzc54BHnryR5yML1vlJYaEP/y1hpYFl/EKXsv76WhEB83iDr6Fr1hUvUBTnfW8ggyKIdARw9xZw=="
    },
    "node_modules/swiper": {
      "version": "11.2.3",
      "resolved": "https://registry.npmjs.org/swiper/-/swiper-11.2.3.tgz",
      "integrity": "sha512-24m5tqHCd1Wmp9+86aKDoIGMsZGEjIL++3nuB1UjhAhIlvwj4k0Jikxu9PGQ/VswLpoje6JtMDWo12uu4aS2FA==",
      "funding": [
        {
          "type": "patreon",
          "url": "https://www.patreon.com/swiperjs"
        },
        {
          "type": "open_collective",
          "url": "http://opencollective.com/swiper"
        }
      ],
      "engines": {
        "node": ">= 4.7.0"
      }
    },
    "node_modules/three": {
      "version": "0.173.0",
      "resolved": "https://registry.npmjs.org/three/-/three-0.173.0.tgz",
      "integrity": "sha512-AUwVmViIEUgBwxJJ7stnF0NkPpZxx1aZ6WiAbQ/Qq61h6I9UR4grXtZDmO8mnlaNORhHnIBlXJ1uBxILEKuVyw=="
    }
  }
}
